{
  "name": "fetchbook",
  "version": "0.0.15",
  "lockfileVersion": 3,
  "requires": true,
  "packages": {
    "": {
      "name": "fetchbook",
      "version": "0.0.15",
      "license": "MIT",
      "dependencies": {
        "bun": "^1.0.3"
      },
      "bin": {
        "fetchbook": "bin/fetchbook.js"
      }
    },
    "node_modules/@oven/bun-darwin-aarch64": {
      "version": "1.0.3",
      "resolved": "https://registry.npmjs.org/@oven/bun-darwin-aarch64/-/bun-darwin-aarch64-1.0.3.tgz",
      "integrity": "sha512-FvP7Kv51+Et68zOofN0+tpYjFmC8aUKl24+YjFnTTlhjVCpd2BIijJFohC6hYE6BeqqFzbsXwRtBXzTye32Jow==",
      "cpu": [
        "arm64"
      ],
      "optional": true,
      "os": [
        "darwin"
      ]
    },
    "node_modules/@oven/bun-darwin-x64": {
      "version": "1.0.3",
      "resolved": "https://registry.npmjs.org/@oven/bun-darwin-x64/-/bun-darwin-x64-1.0.3.tgz",
      "integrity": "sha512-23rAnim46LZWaZ1K7D9QBdCur/5qvHosm17x18Py1OQvVXKpzq/gL23AJEjaeGntkoVWHx/mowkPhzzNMi16fA==",
      "cpu": [
        "x64"
      ],
      "optional": true,
      "os": [
        "darwin"
      ]
    },
    "node_modules/@oven/bun-darwin-x64-baseline": {
      "version": "1.0.3",
      "resolved": "https://registry.npmjs.org/@oven/bun-darwin-x64-baseline/-/bun-darwin-x64-baseline-1.0.3.tgz",
      "integrity": "sha512-QKarwvjkBrD/LfIeGw9B9G8HU/JBZtmdaCJMSJG34S0esGoXiDNg1oMYScfR5eCod4v5Z6Gx2urhZFLzFLkb5Q==",
      "cpu": [
        "x64"
      ],
      "optional": true,
      "os": [
        "darwin"
      ]
    },
    "node_modules/@oven/bun-linux-aarch64": {
      "version": "1.0.3",
      "resolved": "https://registry.npmjs.org/@oven/bun-linux-aarch64/-/bun-linux-aarch64-1.0.3.tgz",
      "integrity": "sha512-wXPFtoyf0E9DFGkK+P3wYfOvZxWTjcs2nm32/dHdY4VhyMNUkOL5+5f/lJDazRnXWELb2bM9ZjCTD/DOYgS3yA==",
      "cpu": [
        "arm64"
      ],
      "optional": true,
      "os": [
        "linux"
      ]
    },
    "node_modules/@oven/bun-linux-x64": {
      "version": "1.0.3",
      "resolved": "https://registry.npmjs.org/@oven/bun-linux-x64/-/bun-linux-x64-1.0.3.tgz",
      "integrity": "sha512-Tt2AaFvDcf1wW+EDbtYa/rySEan78cYEzElUU/Bb/Aq8mNT1wZfFvIgE2hnBa/rQzbNhGgbNE/4GBKJflJBx4A==",
      "cpu": [
        "x64"
      ],
      "optional": true,
      "os": [
        "linux"
      ]
    },
    "node_modules/@oven/bun-linux-x64-baseline": {
      "version": "1.0.3",
      "resolved": "https://registry.npmjs.org/@oven/bun-linux-x64-baseline/-/bun-linux-x64-baseline-1.0.3.tgz",
      "integrity": "sha512-1QMJh/s99xLqcUwu5PCCfYe++1/gY3+yeA/tcAdQT3tWxDitAeqC85xFgYslUWj5xQ7DLsEaGETBcQ2n5rHUpQ==",
      "cpu": [
        "x64"
      ],
      "optional": true,
      "os": [
        "linux"
      ]
    },
    "node_modules/bun": {
      "version": "1.0.3",
      "resolved": "https://registry.npmjs.org/bun/-/bun-1.0.3.tgz",
      "integrity": "sha512-BABgUgJIjSDG6nIviXMfpVx828ocCZW0siajECm51LLgXA9lyraEtZMV7fcDEVm2clb8sVZfd7vm+fqCJLFZJQ==",
      "cpu": [
        "arm64",
        "x64"
      ],
      "hasInstallScript": true,
      "os": [
        "darwin",
        "linux"
      ],
      "bin": {
        "bun": "bin/bun",
        "bunx": "bin/bun"
      },
      "optionalDependencies": {
        "@oven/bun-darwin-aarch64": "1.0.3",
        "@oven/bun-darwin-x64": "1.0.3",
        "@oven/bun-darwin-x64-baseline": "1.0.3",
        "@oven/bun-linux-aarch64": "1.0.3",
        "@oven/bun-linux-x64": "1.0.3",
        "@oven/bun-linux-x64-baseline": "1.0.3"
      }
    }
  }
}
